// !$*UTF8*$!
{
	archiveVersion = 1;
	classes = {
	};
	objectVersion = 46;
	objects = {

/* Begin PBXBuildFile section */
		309390501E5132A90017A603 /* AppDelegate.swift in Sources */ = {isa = PBXBuildFile; fileRef = 3093904F1E5132A90017A603 /* AppDelegate.swift */; };
		309390521E5132A90017A603 /* ViewController.swift in Sources */ = {isa = PBXBuildFile; fileRef = 309390511E5132A90017A603 /* ViewController.swift */; };
		309390551E5132A90017A603 /* Main.storyboard in Resources */ = {isa = PBXBuildFile; fileRef = 309390531E5132A90017A603 /* Main.storyboard */; };
		309390571E5132A90017A603 /* Assets.xcassets in Resources */ = {isa = PBXBuildFile; fileRef = 309390561E5132A90017A603 /* Assets.xcassets */; };
		3093905A1E5132A90017A603 /* LaunchScreen.storyboard in Resources */ = {isa = PBXBuildFile; fileRef = 309390581E5132A90017A603 /* LaunchScreen.storyboard */; };
		309390621E53F2930017A603 /* MemeObject.swift in Sources */ = {isa = PBXBuildFile; fileRef = 309390611E53F2930017A603 /* MemeObject.swift */; };
/* End PBXBuildFile section */

/* Begin PBXFileReference section */
		3093904C1E5132A90017A603 /* memeGenerator v 1.0.app */ = {isa = PBXFileReference; explicitFileType = wrapper.application; includeInIndex = 0; path = "memeGenerator v 1.0.app"; sourceTree = BUILT_PRODUCTS_DIR; };
		3093904F1E5132A90017A603 /* AppDelegate.swift */ = {isa = PBXFileReference; lastKnownFileType = sourcecode.swift; path = AppDelegate.swift; sourceTree = "<group>"; };
		309390511E5132A90017A603 /* ViewController.swift */ = {isa = PBXFileReference; lastKnownFileType = sourcecode.swift; path = ViewController.swift; sourceTree = "<group>"; };
		309390541E5132A90017A603 /* Base */ = {isa = PBXFileReference; lastKnownFileType = file.storyboard; name = Base; path = Base.lproj/Main.storyboard; sourceTree = "<group>"; };
		309390561E5132A90017A603 /* Assets.xcassets */ = {isa = PBXFileReference; lastKnownFileType = folder.assetcatalog; path = Assets.xcassets; sourceTree = "<group>"; };
		309390591E5132A90017A603 /* Base */ = {isa = PBXFileReference; lastKnownFileType = file.storyboard; name = Base; path = Base.lproj/LaunchScreen.storyboard; sourceTree = "<group>"; };
		3093905B1E5132A90017A603 /* Info.plist */ = {isa = PBXFileReference; lastKnownFileType = text.plist.xml; path = Info.plist; sourceTree = "<group>"; };
		309390611E53F2930017A603 /* MemeObject.swift */ = {isa = PBXFileReference; fileEncoding = 4; lastKnownFileType = sourcecode.swift; path = MemeObject.swift; sourceTree = "<group>"; };
/* End PBXFileReference section */

/* Begin PBXFrameworksBuildPhase section */
		309390491E5132A90017A603 /* Frameworks */ = {
			isa = PBXFrameworksBuildPhase;
			buildActionMask = 2147483647;
			files = (
			);
			runOnlyForDeploymentPostprocessing = 0;
		};
/* End PBXFrameworksBuildPhase section */

/* Begin PBXGroup section */
		309390431E5132A90017A603 = {
			isa = PBXGroup;
			children = (
				3093904E1E5132A90017A603 /* memeGenerator v 1.0 */,
				3093904D1E5132A90017A603 /* Products */,
			);
			sourceTree = "<group>";
		};
		3093904D1E5132A90017A603 /* Products */ = {
			isa = PBXGroup;
			children = (
				3093904C1E5132A90017A603 /* memeGenerator v 1.0.app */,
			);
			name = Products;
			sourceTree = "<group>";
		};
		3093904E1E5132A90017A603 /* memeGenerator v 1.0 */ = {
			isa = PBXGroup;
			children = (
				3093904F1E5132A90017A603 /* AppDelegate.swift */,
				309390511E5132A90017A603 /* ViewController.swift */,
				309390531E5132A90017A603 /* Main.storyboard */,
				309390561E5132A90017A603 /* Assets.xcassets */,
				309390611E53F2930017A603 /* MemeObject.swift */,
				309390581E5132A90017A603 /* LaunchScreen.storyboard */,
				3093905B1E5132A90017A603 /* Info.plist */,
			);
			path = "memeGenerator v 1.0";
			sourceTree = "<group>";
		};
/* End PBXGroup section */

/* Begin PBXNativeTarget section */
		3093904B1E5132A90017A603 /* memeGenerator v 1.0 */ = {
			isa = PBXNativeTarget;
			buildConfigurationList = 3093905E1E5132A90017A603 /* Build configuration list for PBXNativeTarget "memeGenerator v 1.0" */;
			buildPhases = (
				309390481E5132A90017A603 /* Sources */,
				309390491E5132A90017A603 /* Frameworks */,
				3093904A1E5132A90017A603 /* Resources */,
			);
			buildRules = (
			);
			dependencies = (
			);
			name = "memeGenerator v 1.0";
			productName = "memeGenerator v 1.0";
			productReference = 3093904C1E5132A90017A603 /* memeGenerator v 1.0.app */;
			productType = "com.apple.product-type.application";
		};
/* End PBXNativeTarget section */

/* Begin PBXProject section */
		309390441E5132A90017A603 /* Project object */ = {
			isa = PBXProject;
			attributes = {
				LastSwiftUpdateCheck = 0810;
				LastUpgradeCheck = 0810;
				ORGANIZATIONNAME = "Daniel McAteer";
				TargetAttributes = {
					3093904B1E5132A90017A603 = {
						CreatedOnToolsVersion = 8.1;
						DevelopmentTeam = 7H8FME2M4D;
						ProvisioningStyle = Automatic;
					};
				};
			};
			buildConfigurationList = 309390471E5132A90017A603 /* Build configuration list for PBXProject "memeGenerator v 1.0" */;
			compatibilityVersion = "Xcode 3.2";
			developmentRegion = English;
			hasScannedForEncodings = 0;
			knownRegions = (
				en,
				Base,
			);
			mainGroup = 309390431E5132A90017A603;
			productRefGroup = 3093904D1E5132A90017A603 /* Products */;
			projectDirPath = "";
			projectRoot = "";
			targets = (
				3093904B1E5132A90017A603 /* memeGenerator v 1.0 */,
			);
		};
/* End PBXProject section */

/* Begin PBXResourcesBuildPhase section */
		3093904A1E5132A90017A603 /* Resources */ = {
			isa = PBXResourcesBuildPhase;
			buildActionMask = 2147483647;
			files = (
				3093905A1E5132A90017A603 /* LaunchScreen.storyboard in Resources */,
				309390571E5132A90017A603 /* Assets.xcassets in Resources */,
				309390551E5132A90017A603 /* Main.storyboard in Resources */,
			);
			runOnlyForDeploymentPostprocessing = 0;
		};
/* End PBXResourcesBuildPhase section */

/* Begin PBXSourcesBuildPhase section */
		309390481E5132A90017A603 /* Sources */ = {
			isa = PBXSourcesBuildPhase;
			buildActionMask = 2147483647;
			files = (
				309390621E53F2930017A603 /* MemeObject.swift in Sources */,
				309390521E5132A90017A603 /* ViewController.swift in Sources */,
				309390501E5132A90017A603 /* AppDelegate.swift in Sources */,
			);
			runOnlyForDeploymentPostprocessing = 0;
		};
/* End PBXSourcesBuildPhase section */

/* Begin PBXVariantGroup section */
		309390531E5132A90017A603 /* Main.storyboard */ = {
			isa = PBXVariantGroup;
			children = (
				309390541E5132A90017A603 /* Base */,
			);
			name = Main.storyboard;
			sourceTree = "<group>";
		};
		309390581E5132A90017A603 /* LaunchScreen.storyboard */ = {
			isa = PBXVariantGroup;
			children = (
				309390591E5132A90017A603 /* Base */,
			);
			name = LaunchScreen.storyboard;
			sourceTree = "<group>";
		};
/* End PBXVariantGroup section */

/* Begin XCBuildConfiguration section */
		3093905C1E5132A90017A603 /* Debug */ = {
			isa = XCBuildConfiguration;
			buildSettings = {
				ALWAYS_SEARCH_USER_PATHS = NO;
				CLANG_ANALYZER_NONNULL = YES;
				CLANG_CXX_LANGUAGE_STANDARD = "gnu++0x";
				CLANG_CXX_LIBRARY = "libc++";
				CLANG_ENABLE_MODULES = YES;
				CLANG_ENABLE_OBJC_ARC = YES;
				CLANG_WARN_BOOL_CONVERSION = YES;
				CLANG_WARN_CONSTANT_CONVERSION = YES;
				CLANG_WARN_DIRECT_OBJC_ISA_USAGE = YES_ERROR;
				CLANG_WARN_DOCUMENTATION_COMMENTS = YES;
				CLANG_WARN_EMPTY_BODY = YES;
				CLANG_WARN_ENUM_CONVERSION = YES;
				CLANG_WARN_INFINITE_RECURSION = YES;
				CLANG_WARN_INT_CONVERSION = YES;
				CLANG_WARN_OBJC_ROOT_CLASS = YES_ERROR;
				CLANG_WARN_SUSPICIOUS_MOVES = YES;
				CLANG_WARN_UNREACHABLE_CODE = YES;
				CLANG_WARN__DUPLICATE_METHOD_MATCH = YES;
				"CODE_SIGN_IDENTITY[sdk=iphoneos*]" = "iPhone Developer";
				COPY_PHASE_STRIP = NO;
				DEBUG_INFORMATION_FORMAT = dwarf;
				ENABLE_STRICT_OBJC_MSGSEND = YES;
				ENABLE_TESTABILITY = YES;
				GCC_C_LANGUAGE_STANDARD = gnu99;
				GCC_DYNAMIC_NO_PIC = NO;
				GCC_NO_COMMON_BLOCKS = YES;
				GCC_OPTIMIZATION_LEVEL = 0;
				GCC_PREPROCESSOR_DEFINITIONS = (
					"DEBUG=1",
					"$(inherited)",
				);
				GCC_WARN_64_TO_32_BIT_CONVERSION = YES;
				GCC_WARN_ABOUT_RETURN_TYPE = YES_ERROR;
				GCC_WARN_UNDECLARED_SELECTOR = YES;
				GCC_WARN_UNINITIALIZED_AUTOS = YES_AGGRESSIVE;
				GCC_WARN_UNUSED_FUNCTION = YES;
				GCC_WARN_UNUSED_VARIABLE = YES;
				IPHONEOS_DEPLOYMENT_TARGET = 10.1;
				MTL_ENABLE_DEBUG_INFO = YES;
				ONLY_ACTIVE_ARCH = YES;
				SDKROOT = iphoneos;
				SWIFT_ACTIVE_COMPILATION_CONDITIONS = DEBUG;
				SWIFT_OPTIMIZATION_LEVEL = "-Onone";
				TARGETED_DEVICE_FAMILY = "1,2";
			};
			name = Debug;
		};
		3093905D1E5132A90017A603 /* Release */ = {
			isa = XCBuildConfiguration;
			buildSettings = {
				ALWAYS_SEARCH_USER_PATHS = NO;
				CLANG_ANALYZER_NONNULL = YES;
				CLANG_CXX_LANGUAGE_STANDARD = "gnu++0x";
				CLANG_CXX_LIBRARY = "libc++";
				CLANG_ENABLE_MODULES = YES;
				CLANG_ENABLE_OBJC_ARC = YES;
				CLANG_WARN_BOOL_CONVERSION = YES;
				CLANG_WARN_CONSTANT_CONVERSION = YES;
				CLANG_WARN_DIRECT_OBJC_ISA_USAGE = YES_ERROR;
				CLANG_WARN_DOCUMENTATION_COMMENTS = YES;
				CLANG_WARN_EMPTY_BODY = YES;
				CLANG_WARN_ENUM_CONVERSION = YES;
				CLANG_WARN_INFINITE_RECURSION = YES;
				CLANG_WARN_INT_CONVERSION = YES;
				CLANG_WARN_OBJC_ROOT_CLASS = YES_ERROR;
				CLANG_WARN_SUSPICIOUS_MOVES = YES;
				CLANG_WARN_UNREACHABLE_CODE = YES;
				CLANG_WARN__DUPLICATE_METHOD_MATCH = YES;
				"CODE_SIGN_IDENTITY[sdk=iphoneos*]" = "iPhone Developer";
				COPY_PHASE_STRIP = NO;
				DEBUG_INFORMATION_FORMAT = "dwarf-with-dsym";
				ENABLE_NS_ASSERTIONS = NO;
				ENABLE_STRICT_OBJC_MSGSEND = YES;
				GCC_C_LANGUAGE_STANDARD = gnu99;
				GCC_NO_COMMON_BLOCKS = YES;
				GCC_WARN_64_TO_32_BIT_CONVERSION = YES;
				GCC_WARN_ABOUT_RETURN_TYPE = YES_ERROR;
				GCC_WARN_UNDECLARED_SELECTOR = YES;
				GCC_WARN_UNINITIALIZED_AUTOS = YES_AGGRESSIVE;
				GCC_WARN_UNUSED_FUNCTION = YES;
				GCC_WARN_UNUSED_VARIABLE = YES;
				IPHONEOS_DEPLOYMENT_TARGET = 10.1;
				MTL_ENABLE_DEBUG_INFO = NO;
				SDKROOT = iphoneos;
				SWIFT_OPTIMIZATION_LEVEL = "-Owholemodule";
				TARGETED_DEVICE_FAMILY = "1,2";
				VALIDATE_PRODUCT = YES;
			};
			name = Release;
		};
		3093905F1E5132A90017A603 /* Debug */ = {
			isa = XCBuildConfiguration;
			buildSettings = {
				ASSETCATALOG_COMPILER_APPICON_NAME = AppIcon;
				DEVELOPMENT_TEAM = 7H8FME2M4D;
				INFOPLIST_FILE = "memeGenerator v 1.0/Info.plist";
				LD_RUNPATH_SEARCH_PATHS = "$(inherited) @executable_path/Frameworks";
				PRODUCT_BUNDLE_IDENTIFIER = "org.theartofsmart.memeGenerator-v-1-0";
				PRODUCT_NAME = "$(TARGET_NAME)";
				SWIFT_VERSION = 3.0;
			};
			name = Debug;
		};
		309390601E5132A90017A603 /* Release */ = {
			isa = XCBuildConfiguration;
			buildSettings = {
				ASSETCATALOG_COMPILER_APPICON_NAME = AppIcon;
				DEVELOPMENT_TEAM = 7H8FME2M4D;
				INFOPLIST_FILE = "memeGenerator v 1.0/Info.plist";
				LD_RUNPATH_SEARCH_PATHS = "$(inherited) @executable_path/Frameworks";
				PRODUCT_BUNDLE_IDENTIFIER = "org.theartofsmart.memeGenerator-v-1-0";
				PRODUCT_NAME = "$(TARGET_NAME)";
				SWIFT_VERSION = 3.0;
			};
			name = Release;
		};
/* End XCBuildConfiguration section */

/* Begin XCConfigurationList section */
		309390471E5132A90017A603 /* Build configuration list for PBXProject "memeGenerator v 1.0" */ = {
			isa = XCConfigurationList;
			buildConfigurations = (
				3093905C1E5132A90017A603 /* Debug */,
				3093905D1E5132A90017A603 /* Release */,
			);
			defaultConfigurationIsVisible = 0;
			defaultConfigurationName = Release;
		};
		3093905E1E5132A90017A603 /* Build configuration list for PBXNativeTarget "memeGenerator v 1.0" */ = {
			isa = XCConfigurationList;
			buildConfigurations = (
				3093905F1E5132A90017A603 /* Debug */,
				309390601E5132A90017A603 /* Release */,
			);
			defaultConfigurationIsVisible = 0;
			defaultConfigurationName = Release;
		};
/* End XCConfigurationList section */
	};
	rootObject = 309390441E5132A90017A603 /* Project object */;
}
